
Microsoft Visual Studio Solution File, Format Version 12.00
# Visual Studio Version 17
VisualStudioVersion = 17.14.36401.2
MinimumVisualStudioVersion = 10.0.40219.1
Project("{2150E333-8FDC-42A3-9474-1A3956D46DE8}") = "FrontEnd", "FrontEnd", "{02EA681E-C7D8-13C7-8484-4AC65E1B71E8}"
EndProject
Project("{2150E333-8FDC-42A3-9474-1A3956D46DE8}") = "Gateway", "Gateway", "{9E80EF5B-D793-451B-888F-52E6B4438351}"
EndProject
Project("{2150E333-8FDC-42A3-9474-1A3956D46DE8}") = "Integration", "Integration", "{EE41B0B5-769E-424A-B43B-3AB69FC981A3}"
EndProject
Project("{2150E333-8FDC-42A3-9474-1A3956D46DE8}") = "Services", "Services", "{3A4F2718-5F05-4374-9257-EC6A24742720}"
EndProject
Project("{FAE04EC0-301F-11D3-BF4B-00C04F79EFBC}") = "ShopVerse.Services.CouponAPI", "ShopVerse.Services.CouponAPI\ShopVerse.Services.CouponAPI.csproj", "{0DE05E64-EB85-4326-A2CF-8C75C197A02A}"
EndProject
Project("{FAE04EC0-301F-11D3-BF4B-00C04F79EFBC}") = "ShopVerse.Web", "ShopVerse.Web\ShopVerse.Web.csproj", "{67A76E5E-C10A-49FE-A8BA-D35AF27EB847}"
EndProject
Project("{FAE04EC0-301F-11D3-BF4B-00C04F79EFBC}") = "ShopVerse.Services.AuthAPI", "ShopVerse.Services.AuthAPI\ShopVerse.Services.AuthAPI.csproj", "{FDA70677-7AA5-460F-B1A6-C69E24BC580B}"
EndProject
Global
	GlobalSection(SolutionConfigurationPlatforms) = preSolution
		Debug|Any CPU = Debug|Any CPU
		Release|Any CPU = Release|Any CPU
	EndGlobalSection
	GlobalSection(ProjectConfigurationPlatforms) = postSolution
		{0DE05E64-EB85-4326-A2CF-8C75C197A02A}.Debug|Any CPU.ActiveCfg = Debug|Any CPU
		{0DE05E64-EB85-4326-A2CF-8C75C197A02A}.Debug|Any CPU.Build.0 = Debug|Any CPU
		{0DE05E64-EB85-4326-A2CF-8C75C197A02A}.Release|Any CPU.ActiveCfg = Release|Any CPU
		{0DE05E64-EB85-4326-A2CF-8C75C197A02A}.Release|Any CPU.Build.0 = Release|Any CPU
		{67A76E5E-C10A-49FE-A8BA-D35AF27EB847}.Debug|Any CPU.ActiveCfg = Debug|Any CPU
		{67A76E5E-C10A-49FE-A8BA-D35AF27EB847}.Debug|Any CPU.Build.0 = Debug|Any CPU
		{67A76E5E-C10A-49FE-A8BA-D35AF27EB847}.Release|Any CPU.ActiveCfg = Release|Any CPU
		{67A76E5E-C10A-49FE-A8BA-D35AF27EB847}.Release|Any CPU.Build.0 = Release|Any CPU
		{FDA70677-7AA5-460F-B1A6-C69E24BC580B}.Debug|Any CPU.ActiveCfg = Debug|Any CPU
		{FDA70677-7AA5-460F-B1A6-C69E24BC580B}.Debug|Any CPU.Build.0 = Debug|Any CPU
		{FDA70677-7AA5-460F-B1A6-C69E24BC580B}.Release|Any CPU.ActiveCfg = Release|Any CPU
		{FDA70677-7AA5-460F-B1A6-C69E24BC580B}.Release|Any CPU.Build.0 = Release|Any CPU
	EndGlobalSection
	GlobalSection(SolutionProperties) = preSolution
		HideSolutionNode = FALSE
	EndGlobalSection
	GlobalSection(NestedProjects) = preSolution
		{0DE05E64-EB85-4326-A2CF-8C75C197A02A} = {3A4F2718-5F05-4374-9257-EC6A24742720}
		{67A76E5E-C10A-49FE-A8BA-D35AF27EB847} = {02EA681E-C7D8-13C7-8484-4AC65E1B71E8}
		{FDA70677-7AA5-460F-B1A6-C69E24BC580B} = {3A4F2718-5F05-4374-9257-EC6A24742720}
	EndGlobalSection
	GlobalSection(ExtensibilityGlobals) = postSolution
		SolutionGuid = {68E5C60E-9549-4368-90CB-2E842695AEC3}
	EndGlobalSection
EndGlobal
